
Microsoft Visual Studio Solution File, Format Version 12.00
Project("{FAE04EC0-301F-11D3-BF4B-00C04F79EFBC}") = "syp-actions", "syp-actions\syp-actions.csproj", "{31537699-FCC2-4056-A58E-EF4B393F512B}"
EndProject
Global
	GlobalSection(SolutionConfigurationPlatforms) = preSolution
		Debug|Any CPU = Debug|Any CPU
		Release|Any CPU = Release|Any CPU
	EndGlobalSection
	GlobalSection(ProjectConfigurationPlatforms) = postSolution
		{31537699-FCC2-4056-A58E-EF4B393F512B}.Debug|Any CPU.ActiveCfg = Debug|Any CPU
		{31537699-FCC2-4056-A58E-EF4B393F512B}.Debug|Any CPU.Build.0 = Debug|Any CPU
		{31537699-FCC2-4056-A58E-EF4B393F512B}.Release|Any CPU.ActiveCfg = Release|Any CPU
		{31537699-FCC2-4056-A58E-EF4B393F512B}.Release|Any CPU.Build.0 = Release|Any CPU
	EndGlobalSection
EndGlobal
